
Microsoft Visual Studio Solution File, Format Version 12.00
# Visual Studio Version 16
VisualStudioVersion = 16.6.30114.105
MinimumVisualStudioVersion = 10.0.40219.1
Project("{2150E333-8FDC-42A3-9474-1A3956D46DE8}") = "src", "src", "{950795A8-DAF5-48AF-A364-5AE3719F8A58}"
EndProject
Project("{FAE04EC0-301F-11D3-BF4B-00C04F79EFBC}") = "Cadastro", "src\Cadastro\Cadastro.csproj", "{28CC1930-5486-48FA-B10F-C59574090976}"
EndProject
Project("{2150E333-8FDC-42A3-9474-1A3956D46DE8}") = "test", "test", "{822FD377-4F1B-47FF-9937-F36A1E357BCC}"
EndProject
Project("{FAE04EC0-301F-11D3-BF4B-00C04F79EFBC}") = "Cadastro.Test", "test\Cadastro.Test\Cadastro.Test.csproj", "{C04168EB-D934-43AE-9487-7A9899E9554D}"
EndProject
Project("{FAE04EC0-301F-11D3-BF4B-00C04F79EFBC}") = "Cadastro.Crosscutting", "src\Cadastro.Crosscutting\Cadastro.Crosscutting.csproj", "{DA37587D-F15C-4DBB-B939-5E3E369E8C8E}"
EndProject
Project("{FAE04EC0-301F-11D3-BF4B-00C04F79EFBC}") = "Cadastro.Domain", "src\Cadastro.Domain\Cadastro.Domain.csproj", "{D93B049E-667C-4DF9-A623-75F73C61010F}"
EndProject
Project("{FAE04EC0-301F-11D3-BF4B-00C04F79EFBC}") = "Cadastro.Dto", "src\Cadastro.Dto\Cadastro.Dto.csproj", "{7E34470B-CE24-4CDE-89DB-724096CE144A}"
EndProject
Project("{FAE04EC0-301F-11D3-BF4B-00C04F79EFBC}") = "Cadastro.Domain.Services", "src\Cadastro.Domain.Services\Cadastro.Domain.Services.csproj", "{2E6DE490-4AAB-4DF3-89FB-F41ABCEFBBB6}"
EndProject
Project("{FAE04EC0-301F-11D3-BF4B-00C04F79EFBC}") = "Cadastro.Infrastructure", "src\Cadastro.Infrastructure\Cadastro.Infrastructure.csproj", "{7EB206EF-F969-491D-9658-3940D7A5934E}"
EndProject
Global
	GlobalSection(SolutionConfigurationPlatforms) = preSolution
		Debug|Any CPU = Debug|Any CPU
		Debug|x64 = Debug|x64
		Debug|x86 = Debug|x86
		Release|Any CPU = Release|Any CPU
		Release|x64 = Release|x64
		Release|x86 = Release|x86
	EndGlobalSection
	GlobalSection(SolutionProperties) = preSolution
		HideSolutionNode = FALSE
	EndGlobalSection
	GlobalSection(ProjectConfigurationPlatforms) = postSolution
		{28CC1930-5486-48FA-B10F-C59574090976}.Debug|Any CPU.ActiveCfg = Debug|Any CPU
		{28CC1930-5486-48FA-B10F-C59574090976}.Debug|Any CPU.Build.0 = Debug|Any CPU
		{28CC1930-5486-48FA-B10F-C59574090976}.Debug|x64.ActiveCfg = Debug|Any CPU
		{28CC1930-5486-48FA-B10F-C59574090976}.Debug|x64.Build.0 = Debug|Any CPU
		{28CC1930-5486-48FA-B10F-C59574090976}.Debug|x86.ActiveCfg = Debug|Any CPU
		{28CC1930-5486-48FA-B10F-C59574090976}.Debug|x86.Build.0 = Debug|Any CPU
		{28CC1930-5486-48FA-B10F-C59574090976}.Release|Any CPU.ActiveCfg = Release|Any CPU
		{28CC1930-5486-48FA-B10F-C59574090976}.Release|Any CPU.Build.0 = Release|Any CPU
		{28CC1930-5486-48FA-B10F-C59574090976}.Release|x64.ActiveCfg = Release|Any CPU
		{28CC1930-5486-48FA-B10F-C59574090976}.Release|x64.Build.0 = Release|Any CPU
		{28CC1930-5486-48FA-B10F-C59574090976}.Release|x86.ActiveCfg = Release|Any CPU
		{28CC1930-5486-48FA-B10F-C59574090976}.Release|x86.Build.0 = Release|Any CPU
		{C04168EB-D934-43AE-9487-7A9899E9554D}.Debug|Any CPU.ActiveCfg = Debug|Any CPU
		{C04168EB-D934-43AE-9487-7A9899E9554D}.Debug|Any CPU.Build.0 = Debug|Any CPU
		{C04168EB-D934-43AE-9487-7A9899E9554D}.Debug|x64.ActiveCfg = Debug|Any CPU
		{C04168EB-D934-43AE-9487-7A9899E9554D}.Debug|x64.Build.0 = Debug|Any CPU
		{C04168EB-D934-43AE-9487-7A9899E9554D}.Debug|x86.ActiveCfg = Debug|Any CPU
		{C04168EB-D934-43AE-9487-7A9899E9554D}.Debug|x86.Build.0 = Debug|Any CPU
		{C04168EB-D934-43AE-9487-7A9899E9554D}.Release|Any CPU.ActiveCfg = Release|Any CPU
		{C04168EB-D934-43AE-9487-7A9899E9554D}.Release|Any CPU.Build.0 = Release|Any CPU
		{C04168EB-D934-43AE-9487-7A9899E9554D}.Release|x64.ActiveCfg = Release|Any CPU
		{C04168EB-D934-43AE-9487-7A9899E9554D}.Release|x64.Build.0 = Release|Any CPU
		{C04168EB-D934-43AE-9487-7A9899E9554D}.Release|x86.ActiveCfg = Release|Any CPU
		{C04168EB-D934-43AE-9487-7A9899E9554D}.Release|x86.Build.0 = Release|Any CPU
		{DA37587D-F15C-4DBB-B939-5E3E369E8C8E}.Debug|Any CPU.ActiveCfg = Debug|Any CPU
		{DA37587D-F15C-4DBB-B939-5E3E369E8C8E}.Debug|Any CPU.Build.0 = Debug|Any CPU
		{DA37587D-F15C-4DBB-B939-5E3E369E8C8E}.Debug|x64.ActiveCfg = Debug|Any CPU
		{DA37587D-F15C-4DBB-B939-5E3E369E8C8E}.Debug|x64.Build.0 = Debug|Any CPU
		{DA37587D-F15C-4DBB-B939-5E3E369E8C8E}.Debug|x86.ActiveCfg = Debug|Any CPU
		{DA37587D-F15C-4DBB-B939-5E3E369E8C8E}.Debug|x86.Build.0 = Debug|Any CPU
		{DA37587D-F15C-4DBB-B939-5E3E369E8C8E}.Release|Any CPU.ActiveCfg = Release|Any CPU
		{DA37587D-F15C-4DBB-B939-5E3E369E8C8E}.Release|Any CPU.Build.0 = Release|Any CPU
		{DA37587D-F15C-4DBB-B939-5E3E369E8C8E}.Release|x64.ActiveCfg = Release|Any CPU
		{DA37587D-F15C-4DBB-B939-5E3E369E8C8E}.Release|x64.Build.0 = Release|Any CPU
		{DA37587D-F15C-4DBB-B939-5E3E369E8C8E}.Release|x86.ActiveCfg = Release|Any CPU
		{DA37587D-F15C-4DBB-B939-5E3E369E8C8E}.Release|x86.Build.0 = Release|Any CPU
		{D93B049E-667C-4DF9-A623-75F73C61010F}.Debug|Any CPU.ActiveCfg = Debug|Any CPU
		{D93B049E-667C-4DF9-A623-75F73C61010F}.Debug|Any CPU.Build.0 = Debug|Any CPU
		{D93B049E-667C-4DF9-A623-75F73C61010F}.Debug|x64.ActiveCfg = Debug|Any CPU
		{D93B049E-667C-4DF9-A623-75F73C61010F}.Debug|x64.Build.0 = Debug|Any CPU
		{D93B049E-667C-4DF9-A623-75F73C61010F}.Debug|x86.ActiveCfg = Debug|Any CPU
		{D93B049E-667C-4DF9-A623-75F73C61010F}.Debug|x86.Build.0 = Debug|Any CPU
		{D93B049E-667C-4DF9-A623-75F73C61010F}.Release|Any CPU.ActiveCfg = Release|Any CPU
		{D93B049E-667C-4DF9-A623-75F73C61010F}.Release|Any CPU.Build.0 = Release|Any CPU
		{D93B049E-667C-4DF9-A623-75F73C61010F}.Release|x64.ActiveCfg = Release|Any CPU
		{D93B049E-667C-4DF9-A623-75F73C61010F}.Release|x64.Build.0 = Release|Any CPU
		{D93B049E-667C-4DF9-A623-75F73C61010F}.Release|x86.ActiveCfg = Release|Any CPU
		{D93B049E-667C-4DF9-A623-75F73C61010F}.Release|x86.Build.0 = Release|Any CPU
		{7E34470B-CE24-4CDE-89DB-724096CE144A}.Debug|Any CPU.ActiveCfg = Debug|Any CPU
		{7E34470B-CE24-4CDE-89DB-724096CE144A}.Debug|Any CPU.Build.0 = Debug|Any CPU
		{7E34470B-CE24-4CDE-89DB-724096CE144A}.Debug|x64.ActiveCfg = Debug|Any CPU
		{7E34470B-CE24-4CDE-89DB-724096CE144A}.Debug|x64.Build.0 = Debug|Any CPU
		{7E34470B-CE24-4CDE-89DB-724096CE144A}.Debug|x86.ActiveCfg = Debug|Any CPU
		{7E34470B-CE24-4CDE-89DB-724096CE144A}.Debug|x86.Build.0 = Debug|Any CPU
		{7E34470B-CE24-4CDE-89DB-724096CE144A}.Release|Any CPU.ActiveCfg = Release|Any CPU
		{7E34470B-CE24-4CDE-89DB-724096CE144A}.Release|Any CPU.Build.0 = Release|Any CPU
		{7E34470B-CE24-4CDE-89DB-724096CE144A}.Release|x64.ActiveCfg = Release|Any CPU
		{7E34470B-CE24-4CDE-89DB-724096CE144A}.Release|x64.Build.0 = Release|Any CPU
		{7E34470B-CE24-4CDE-89DB-724096CE144A}.Release|x86.ActiveCfg = Release|Any CPU
		{7E34470B-CE24-4CDE-89DB-724096CE144A}.Release|x86.Build.0 = Release|Any CPU
		{2E6DE490-4AAB-4DF3-89FB-F41ABCEFBBB6}.Debug|Any CPU.ActiveCfg = Debug|Any CPU
		{2E6DE490-4AAB-4DF3-89FB-F41ABCEFBBB6}.Debug|Any CPU.Build.0 = Debug|Any CPU
		{2E6DE490-4AAB-4DF3-89FB-F41ABCEFBBB6}.Debug|x64.ActiveCfg = Debug|Any CPU
		{2E6DE490-4AAB-4DF3-89FB-F41ABCEFBBB6}.Debug|x64.Build.0 = Debug|Any CPU
		{2E6DE490-4AAB-4DF3-89FB-F41ABCEFBBB6}.Debug|x86.ActiveCfg = Debug|Any CPU
		{2E6DE490-4AAB-4DF3-89FB-F41ABCEFBBB6}.Debug|x86.Build.0 = Debug|Any CPU
		{2E6DE490-4AAB-4DF3-89FB-F41ABCEFBBB6}.Release|Any CPU.ActiveCfg = Release|Any CPU
		{2E6DE490-4AAB-4DF3-89FB-F41ABCEFBBB6}.Release|Any CPU.Build.0 = Release|Any CPU
		{2E6DE490-4AAB-4DF3-89FB-F41ABCEFBBB6}.Release|x64.ActiveCfg = Release|Any CPU
		{2E6DE490-4AAB-4DF3-89FB-F41ABCEFBBB6}.Release|x64.Build.0 = Release|Any CPU
		{2E6DE490-4AAB-4DF3-89FB-F41ABCEFBBB6}.Release|x86.ActiveCfg = Release|Any CPU
		{2E6DE490-4AAB-4DF3-89FB-F41ABCEFBBB6}.Release|x86.Build.0 = Release|Any CPU
		{7EB206EF-F969-491D-9658-3940D7A5934E}.Debug|Any CPU.ActiveCfg = Debug|Any CPU
		{7EB206EF-F969-491D-9658-3940D7A5934E}.Debug|Any CPU.Build.0 = Debug|Any CPU
		{7EB206EF-F969-491D-9658-3940D7A5934E}.Debug|x64.ActiveCfg = Debug|Any CPU
		{7EB206EF-F969-491D-9658-3940D7A5934E}.Debug|x64.Build.0 = Debug|Any CPU
		{7EB206EF-F969-491D-9658-3940D7A5934E}.Debug|x86.ActiveCfg = Debug|Any CPU
		{7EB206EF-F969-491D-9658-3940D7A5934E}.Debug|x86.Build.0 = Debug|Any CPU
		{7EB206EF-F969-491D-9658-3940D7A5934E}.Release|Any CPU.ActiveCfg = Release|Any CPU
		{7EB206EF-F969-491D-9658-3940D7A5934E}.Release|Any CPU.Build.0 = Release|Any CPU
		{7EB206EF-F969-491D-9658-3940D7A5934E}.Release|x64.ActiveCfg = Release|Any CPU
		{7EB206EF-F969-491D-9658-3940D7A5934E}.Release|x64.Build.0 = Release|Any CPU
		{7EB206EF-F969-491D-9658-3940D7A5934E}.Release|x86.ActiveCfg = Release|Any CPU
		{7EB206EF-F969-491D-9658-3940D7A5934E}.Release|x86.Build.0 = Release|Any CPU
	EndGlobalSection
	GlobalSection(NestedProjects) = preSolution
		{28CC1930-5486-48FA-B10F-C59574090976} = {950795A8-DAF5-48AF-A364-5AE3719F8A58}
		{C04168EB-D934-43AE-9487-7A9899E9554D} = {822FD377-4F1B-47FF-9937-F36A1E357BCC}
		{DA37587D-F15C-4DBB-B939-5E3E369E8C8E} = {950795A8-DAF5-48AF-A364-5AE3719F8A58}
		{D93B049E-667C-4DF9-A623-75F73C61010F} = {950795A8-DAF5-48AF-A364-5AE3719F8A58}
		{7E34470B-CE24-4CDE-89DB-724096CE144A} = {950795A8-DAF5-48AF-A364-5AE3719F8A58}
		{2E6DE490-4AAB-4DF3-89FB-F41ABCEFBBB6} = {950795A8-DAF5-48AF-A364-5AE3719F8A58}
		{7EB206EF-F969-491D-9658-3940D7A5934E} = {950795A8-DAF5-48AF-A364-5AE3719F8A58}
	EndGlobalSection
EndGlobal
